
Microsoft Visual Studio Solution File, Format Version 12.00
# Visual Studio Version 17
VisualStudioVersion = 17.2.32505.173
MinimumVisualStudioVersion = 10.0.40219.1
Project("{9A19103F-16F7-4668-BE54-9A1E7A4F7556}") = "ShipmentCheckerApp", "ConsoleApp1\ShipmentCheckerApp.csproj", "{E7A5CCBA-3F3F-436E-AB32-4C3CCB39DE6F}"
EndProject
Project("{FAE04EC0-301F-11D3-BF4B-00C04F79EFBC}") = "ShipmentCheckerUnitTests", "ConsolUnitTests\ShipmentCheckerUnitTests.csproj", "{9BB37BD7-7926-45B8-9607-D3C0CDF4656A}"
	ProjectSection(ProjectDependencies) = postProject
		{E7A5CCBA-3F3F-436E-AB32-4C3CCB39DE6F} = {E7A5CCBA-3F3F-436E-AB32-4C3CCB39DE6F}
	EndProjectSection
EndProject
Global
	GlobalSection(SolutionConfigurationPlatforms) = preSolution
		Debug|Any CPU = Debug|Any CPU
		Release|Any CPU = Release|Any CPU
	EndGlobalSection
	GlobalSection(ProjectConfigurationPlatforms) = postSolution
		{E7A5CCBA-3F3F-436E-AB32-4C3CCB39DE6F}.Debug|Any CPU.ActiveCfg = Debug|Any CPU
		{E7A5CCBA-3F3F-436E-AB32-4C3CCB39DE6F}.Debug|Any CPU.Build.0 = Debug|Any CPU
		{E7A5CCBA-3F3F-436E-AB32-4C3CCB39DE6F}.Release|Any CPU.ActiveCfg = Release|Any CPU
		{E7A5CCBA-3F3F-436E-AB32-4C3CCB39DE6F}.Release|Any CPU.Build.0 = Release|Any CPU
		{9BB37BD7-7926-45B8-9607-D3C0CDF4656A}.Debug|Any CPU.ActiveCfg = Debug|Any CPU
		{9BB37BD7-7926-45B8-9607-D3C0CDF4656A}.Debug|Any CPU.Build.0 = Debug|Any CPU
		{9BB37BD7-7926-45B8-9607-D3C0CDF4656A}.Release|Any CPU.ActiveCfg = Release|Any CPU
		{9BB37BD7-7926-45B8-9607-D3C0CDF4656A}.Release|Any CPU.Build.0 = Release|Any CPU
	EndGlobalSection
	GlobalSection(SolutionProperties) = preSolution
		HideSolutionNode = FALSE
	EndGlobalSection
	GlobalSection(ExtensibilityGlobals) = postSolution
		SolutionGuid = {D7571CE9-3700-428E-ADD8-8B551BD5DA79}
	EndGlobalSection
EndGlobal
